
Microsoft Visual Studio Solution File, Format Version 12.00
# Visual Studio Version 17
VisualStudioVersion = 17.1.32210.238
MinimumVisualStudioVersion = 10.0.40219.1
Project("{FAE04EC0-301F-11D3-BF4B-00C04F79EFBC}") = "Patika_C101_TelefonRehberi", "Patika_C101_TelefonRehberi.csproj", "{BC5618CB-1AAF-4AB8-B904-7BC35D51416F}"
EndProject
Global
	GlobalSection(SolutionConfigurationPlatforms) = preSolution
		Debug|Any CPU = Debug|Any CPU
		Release|Any CPU = Release|Any CPU
	EndGlobalSection
	GlobalSection(ProjectConfigurationPlatforms) = postSolution
		{BC5618CB-1AAF-4AB8-B904-7BC35D51416F}.Debug|Any CPU.ActiveCfg = Debug|Any CPU
		{BC5618CB-1AAF-4AB8-B904-7BC35D51416F}.Debug|Any CPU.Build.0 = Debug|Any CPU
		{BC5618CB-1AAF-4AB8-B904-7BC35D51416F}.Release|Any CPU.ActiveCfg = Release|Any CPU
		{BC5618CB-1AAF-4AB8-B904-7BC35D51416F}.Release|Any CPU.Build.0 = Release|Any CPU
	EndGlobalSection
	GlobalSection(SolutionProperties) = preSolution
		HideSolutionNode = FALSE
	EndGlobalSection
	GlobalSection(ExtensibilityGlobals) = postSolution
		SolutionGuid = {55273367-3E79-438C-B1B8-F473E72AF723}
	EndGlobalSection
EndGlobal
